
Microsoft Visual Studio Solution File, Format Version 12.00
# Visual Studio Version 17
VisualStudioVersion = 17.9.34723.18
MinimumVisualStudioVersion = 10.0.40219.1
Project("{FAE04EC0-301F-11D3-BF4B-00C04F79EFBC}") = "API_ElectroUG", "API_ElectroUG\API_ElectroUG.csproj", "{52307424-ED26-4F88-95B3-46EFDACE8170}"
EndProject
Global
	GlobalSection(SolutionConfigurationPlatforms) = preSolution
		Debug|Any CPU = Debug|Any CPU
		Release|Any CPU = Release|Any CPU
	EndGlobalSection
	GlobalSection(ProjectConfigurationPlatforms) = postSolution
		{52307424-ED26-4F88-95B3-46EFDACE8170}.Debug|Any CPU.ActiveCfg = Debug|Any CPU
		{52307424-ED26-4F88-95B3-46EFDACE8170}.Debug|Any CPU.Build.0 = Debug|Any CPU
		{52307424-ED26-4F88-95B3-46EFDACE8170}.Release|Any CPU.ActiveCfg = Release|Any CPU
		{52307424-ED26-4F88-95B3-46EFDACE8170}.Release|Any CPU.Build.0 = Release|Any CPU
	EndGlobalSection
	GlobalSection(SolutionProperties) = preSolution
		HideSolutionNode = FALSE
	EndGlobalSection
	GlobalSection(ExtensibilityGlobals) = postSolution
		SolutionGuid = {0E69ED6B-37EE-491E-AAEF-2BDE414C805F}
	EndGlobalSection
EndGlobal
